// !$*UTF8*$!
{
	archiveVersion = 1;
	classes = {
	};
	objectVersion = 50;
	objects = {

/* Begin PBXBuildFile section */
		22BB93F324A98AAD00B0B0B0 /* main.m in Sources */ = {isa = PBXBuildFile; fileRef = 22BB93F224A98AAD00B0B0B0 /* main.m */; };
		22BB93FC24A98B7E00B0B0B0 /* ConcreteCommand.m in Sources */ = {isa = PBXBuildFile; fileRef = 22BB93FB24A98B7E00B0B0B0 /* ConcreteCommand.m */; };
		22BB93FF24A98BB000B0B0B0 /* Receiver.m in Sources */ = {isa = PBXBuildFile; fileRef = 22BB93FE24A98BB000B0B0B0 /* Receiver.m */; };
		22BB940224A98BF600B0B0B0 /* Invoker.m in Sources */ = {isa = PBXBuildFile; fileRef = 22BB940124A98BF600B0B0B0 /* Invoker.m */; };
/* End PBXBuildFile section */

/* Begin PBXCopyFilesBuildPhase section */
		22BB93ED24A98AAD00B0B0B0 /* CopyFiles */ = {
			isa = PBXCopyFilesBuildPhase;
			buildActionMask = 2147483647;
			dstPath = /usr/share/man/man1/;
			dstSubfolderSpec = 0;
			files = (
			);
			runOnlyForDeploymentPostprocessing = 1;
		};
/* End PBXCopyFilesBuildPhase section */

/* Begin PBXFileReference section */
		22BB93EF24A98AAD00B0B0B0 /* Ch20_Command_code */ = {isa = PBXFileReference; explicitFileType = "compiled.mach-o.executable"; includeInIndex = 0; path = Ch20_Command_code; sourceTree = BUILT_PRODUCTS_DIR; };
		22BB93F224A98AAD00B0B0B0 /* main.m */ = {isa = PBXFileReference; lastKnownFileType = sourcecode.c.objc; path = main.m; sourceTree = "<group>"; };
		22BB93F924A98B3F00B0B0B0 /* Command.h */ = {isa = PBXFileReference; lastKnownFileType = sourcecode.c.h; path = Command.h; sourceTree = "<group>"; };
		22BB93FA24A98B7E00B0B0B0 /* ConcreteCommand.h */ = {isa = PBXFileReference; lastKnownFileType = sourcecode.c.h; path = ConcreteCommand.h; sourceTree = "<group>"; };
		22BB93FB24A98B7E00B0B0B0 /* ConcreteCommand.m */ = {isa = PBXFileReference; lastKnownFileType = sourcecode.c.objc; path = ConcreteCommand.m; sourceTree = "<group>"; };
		22BB93FD24A98BB000B0B0B0 /* Receiver.h */ = {isa = PBXFileReference; lastKnownFileType = sourcecode.c.h; path = Receiver.h; sourceTree = "<group>"; };
		22BB93FE24A98BB000B0B0B0 /* Receiver.m */ = {isa = PBXFileReference; lastKnownFileType = sourcecode.c.objc; path = Receiver.m; sourceTree = "<group>"; };
		22BB940024A98BF600B0B0B0 /* Invoker.h */ = {isa = PBXFileReference; lastKnownFileType = sourcecode.c.h; path = Invoker.h; sourceTree = "<group>"; };
		22BB940124A98BF600B0B0B0 /* Invoker.m */ = {isa = PBXFileReference; lastKnownFileType = sourcecode.c.objc; path = Invoker.m; sourceTree = "<group>"; };
/* End PBXFileReference section */

/* Begin PBXFrameworksBuildPhase section */
		22BB93EC24A98AAD00B0B0B0 /* Frameworks */ = {
			isa = PBXFrameworksBuildPhase;
			buildActionMask = 2147483647;
			files = (
			);
			runOnlyForDeploymentPostprocessing = 0;
		};
/* End PBXFrameworksBuildPhase section */

/* Begin PBXGroup section */
		22BB93E624A98AAD00B0B0B0 = {
			isa = PBXGroup;
			children = (
				22BB93F124A98AAD00B0B0B0 /* Ch20_Command_code */,
				22BB93F024A98AAD00B0B0B0 /* Products */,
			);
			sourceTree = "<group>";
		};
		22BB93F024A98AAD00B0B0B0 /* Products */ = {
			isa = PBXGroup;
			children = (
				22BB93EF24A98AAD00B0B0B0 /* Ch20_Command_code */,
			);
			name = Products;
			sourceTree = "<group>";
		};
		22BB93F124A98AAD00B0B0B0 /* Ch20_Command_code */ = {
			isa = PBXGroup;
			children = (
				22BB93F224A98AAD00B0B0B0 /* main.m */,
				22BB93F924A98B3F00B0B0B0 /* Command.h */,
				22BB93FA24A98B7E00B0B0B0 /* ConcreteCommand.h */,
				22BB93FB24A98B7E00B0B0B0 /* ConcreteCommand.m */,
				22BB93FD24A98BB000B0B0B0 /* Receiver.h */,
				22BB93FE24A98BB000B0B0B0 /* Receiver.m */,
				22BB940024A98BF600B0B0B0 /* Invoker.h */,
				22BB940124A98BF600B0B0B0 /* Invoker.m */,
			);
			path = Ch20_Command_code;
			sourceTree = "<group>";
		};
/* End PBXGroup section */

/* Begin PBXNativeTarget section */
		22BB93EE24A98AAD00B0B0B0 /* Ch20_Command_code */ = {
			isa = PBXNativeTarget;
			buildConfigurationList = 22BB93F624A98AAD00B0B0B0 /* Build configuration list for PBXNativeTarget "Ch20_Command_code" */;
			buildPhases = (
				22BB93EB24A98AAD00B0B0B0 /* Sources */,
				22BB93EC24A98AAD00B0B0B0 /* Frameworks */,
				22BB93ED24A98AAD00B0B0B0 /* CopyFiles */,
			);
			buildRules = (
			);
			dependencies = (
			);
			name = Ch20_Command_code;
			productName = Ch20_Command_code;
			productReference = 22BB93EF24A98AAD00B0B0B0 /* Ch20_Command_code */;
			productType = "com.apple.product-type.tool";
		};
/* End PBXNativeTarget section */

/* Begin PBXProject section */
		22BB93E724A98AAD00B0B0B0 /* Project object */ = {
			isa = PBXProject;
			attributes = {
				LastUpgradeCheck = 1150;
				ORGANIZATIONNAME = "Shanghai Haidian Information Technology Co.Ltd.";
				TargetAttributes = {
					22BB93EE24A98AAD00B0B0B0 = {
						CreatedOnToolsVersion = 11.5;
					};
				};
			};
			buildConfigurationList = 22BB93EA24A98AAD00B0B0B0 /* Build configuration list for PBXProject "Ch20_Command_code" */;
			compatibilityVersion = "Xcode 9.3";
			developmentRegion = en;
			hasScannedForEncodings = 0;
			knownRegions = (
				en,
				Base,
			);
			mainGroup = 22BB93E624A98AAD00B0B0B0;
			productRefGroup = 22BB93F024A98AAD00B0B0B0 /* Products */;
			projectDirPath = "";
			projectRoot = "";
			targets = (
				22BB93EE24A98AAD00B0B0B0 /* Ch20_Command_code */,
			);
		};
/* End PBXProject section */

/* Begin PBXSourcesBuildPhase section */
		22BB93EB24A98AAD00B0B0B0 /* Sources */ = {
			isa = PBXSourcesBuildPhase;
			buildActionMask = 2147483647;
			files = (
				22BB93FC24A98B7E00B0B0B0 /* ConcreteCommand.m in Sources */,
				22BB93F324A98AAD00B0B0B0 /* main.m in Sources */,
				22BB940224A98BF600B0B0B0 /* Invoker.m in Sources */,
				22BB93FF24A98BB000B0B0B0 /* Receiver.m in Sources */,
			);
			runOnlyForDeploymentPostprocessing = 0;
		};
/* End PBXSourcesBuildPhase section */

/* Begin XCBuildConfiguration section */
		22BB93F424A98AAD00B0B0B0 /* Debug */ = {
			isa = XCBuildConfiguration;
			buildSettings = {
				ALWAYS_SEARCH_USER_PATHS = NO;
				CLANG_ANALYZER_NONNULL = YES;
				CLANG_ANALYZER_NUMBER_OBJECT_CONVERSION = YES_AGGRESSIVE;
				CLANG_CXX_LANGUAGE_STANDARD = "gnu++14";
				CLANG_CXX_LIBRARY = "libc++";
				CLANG_ENABLE_MODULES = YES;
				CLANG_ENABLE_OBJC_ARC = YES;
				CLANG_ENABLE_OBJC_WEAK = YES;
				CLANG_WARN_BLOCK_CAPTURE_AUTORELEASING = YES;
				CLANG_WARN_BOOL_CONVERSION = YES;
				CLANG_WARN_COMMA = YES;
				CLANG_WARN_CONSTANT_CONVERSION = YES;
				CLANG_WARN_DEPRECATED_OBJC_IMPLEMENTATIONS = YES;
				CLANG_WARN_DIRECT_OBJC_ISA_USAGE = YES_ERROR;
				CLANG_WARN_DOCUMENTATION_COMMENTS = YES;
				CLANG_WARN_EMPTY_BODY = YES;
				CLANG_WARN_ENUM_CONVERSION = YES;
				CLANG_WARN_INFINITE_RECURSION = YES;
				CLANG_WARN_INT_CONVERSION = YES;
				CLANG_WARN_NON_LITERAL_NULL_CONVERSION = YES;
				CLANG_WARN_OBJC_IMPLICIT_RETAIN_SELF = YES;
				CLANG_WARN_OBJC_LITERAL_CONVERSION = YES;
				CLANG_WARN_OBJC_ROOT_CLASS = YES_ERROR;
				CLANG_WARN_RANGE_LOOP_ANALYSIS = YES;
				CLANG_WARN_STRICT_PROTOTYPES = YES;
				CLANG_WARN_SUSPICIOUS_MOVE = YES;
				CLANG_WARN_UNGUARDED_AVAILABILITY = YES_AGGRESSIVE;
				CLANG_WARN_UNREACHABLE_CODE = YES;
				CLANG_WARN__DUPLICATE_METHOD_MATCH = YES;
				COPY_PHASE_STRIP = NO;
				DEBUG_INFORMATION_FORMAT = dwarf;
				ENABLE_STRICT_OBJC_MSGSEND = YES;
				ENABLE_TESTABILITY = YES;
				GCC_C_LANGUAGE_STANDARD = gnu11;
				GCC_DYNAMIC_NO_PIC = NO;
				GCC_NO_COMMON_BLOCKS = YES;
				GCC_OPTIMIZATION_LEVEL = 0;
				GCC_PREPROCESSOR_DEFINITIONS = (
					"DEBUG=1",
					"$(inherited)",
				);
				GCC_WARN_64_TO_32_BIT_CONVERSION = YES;
				GCC_WARN_ABOUT_RETURN_TYPE = YES_ERROR;
				GCC_WARN_UNDECLARED_SELECTOR = YES;
				GCC_WARN_UNINITIALIZED_AUTOS = YES_AGGRESSIVE;
				GCC_WARN_UNUSED_FUNCTION = YES;
				GCC_WARN_UNUSED_VARIABLE = YES;
				MACOSX_DEPLOYMENT_TARGET = 10.15;
				MTL_ENABLE_DEBUG_INFO = INCLUDE_SOURCE;
				MTL_FAST_MATH = YES;
				ONLY_ACTIVE_ARCH = YES;
				SDKROOT = macosx;
			};
			name = Debug;
		};
		22BB93F524A98AAD00B0B0B0 /* Release */ = {
			isa = XCBuildConfiguration;
			buildSettings = {
				ALWAYS_SEARCH_USER_PATHS = NO;
				CLANG_ANALYZER_NONNULL = YES;
				CLANG_ANALYZER_NUMBER_OBJECT_CONVERSION = YES_AGGRESSIVE;
				CLANG_CXX_LANGUAGE_STANDARD = "gnu++14";
				CLANG_CXX_LIBRARY = "libc++";
				CLANG_ENABLE_MODULES = YES;
				CLANG_ENABLE_OBJC_ARC = YES;
				CLANG_ENABLE_OBJC_WEAK = YES;
				CLANG_WARN_BLOCK_CAPTURE_AUTORELEASING = YES;
				CLANG_WARN_BOOL_CONVERSION = YES;
				CLANG_WARN_COMMA = YES;
				CLANG_WARN_CONSTANT_CONVERSION = YES;
				CLANG_WARN_DEPRECATED_OBJC_IMPLEMENTATIONS = YES;
				CLANG_WARN_DIRECT_OBJC_ISA_USAGE = YES_ERROR;
				CLANG_WARN_DOCUMENTATION_COMMENTS = YES;
				CLANG_WARN_EMPTY_BODY = YES;
				CLANG_WARN_ENUM_CONVERSION = YES;
				CLANG_WARN_INFINITE_RECURSION = YES;
				CLANG_WARN_INT_CONVERSION = YES;
				CLANG_WARN_NON_LITERAL_NULL_CONVERSION = YES;
				CLANG_WARN_OBJC_IMPLICIT_RETAIN_SELF = YES;
				CLANG_WARN_OBJC_LITERAL_CONVERSION = YES;
				CLANG_WARN_OBJC_ROOT_CLASS = YES_ERROR;
				CLANG_WARN_RANGE_LOOP_ANALYSIS = YES;
				CLANG_WARN_STRICT_PROTOTYPES = YES;
				CLANG_WARN_SUSPICIOUS_MOVE = YES;
				CLANG_WARN_UNGUARDED_AVAILABILITY = YES_AGGRESSIVE;
				CLANG_WARN_UNREACHABLE_CODE = YES;
				CLANG_WARN__DUPLICATE_METHOD_MATCH = YES;
				COPY_PHASE_STRIP = NO;
				DEBUG_INFORMATION_FORMAT = "dwarf-with-dsym";
				ENABLE_NS_ASSERTIONS = NO;
				ENABLE_STRICT_OBJC_MSGSEND = YES;
				GCC_C_LANGUAGE_STANDARD = gnu11;
				GCC_NO_COMMON_BLOCKS = YES;
				GCC_WARN_64_TO_32_BIT_CONVERSION = YES;
				GCC_WARN_ABOUT_RETURN_TYPE = YES_ERROR;
				GCC_WARN_UNDECLARED_SELECTOR = YES;
				GCC_WARN_UNINITIALIZED_AUTOS = YES_AGGRESSIVE;
				GCC_WARN_UNUSED_FUNCTION = YES;
				GCC_WARN_UNUSED_VARIABLE = YES;
				MACOSX_DEPLOYMENT_TARGET = 10.15;
				MTL_ENABLE_DEBUG_INFO = NO;
				MTL_FAST_MATH = YES;
				SDKROOT = macosx;
			};
			name = Release;
		};
		22BB93F724A98AAD00B0B0B0 /* Debug */ = {
			isa = XCBuildConfiguration;
			buildSettings = {
				CODE_SIGN_STYLE = Automatic;
				DEVELOPMENT_TEAM = A8F7U6DN75;
				ENABLE_HARDENED_RUNTIME = YES;
				PRODUCT_NAME = "$(TARGET_NAME)";
			};
			name = Debug;
		};
		22BB93F824A98AAD00B0B0B0 /* Release */ = {
			isa = XCBuildConfiguration;
			buildSettings = {
				CODE_SIGN_STYLE = Automatic;
				DEVELOPMENT_TEAM = A8F7U6DN75;
				ENABLE_HARDENED_RUNTIME = YES;
				PRODUCT_NAME = "$(TARGET_NAME)";
			};
			name = Release;
		};
/* End XCBuildConfiguration section */

/* Begin XCConfigurationList section */
		22BB93EA24A98AAD00B0B0B0 /* Build configuration list for PBXProject "Ch20_Command_code" */ = {
			isa = XCConfigurationList;
			buildConfigurations = (
				22BB93F424A98AAD00B0B0B0 /* Debug */,
				22BB93F524A98AAD00B0B0B0 /* Release */,
			);
			defaultConfigurationIsVisible = 0;
			defaultConfigurationName = Release;
		};
		22BB93F624A98AAD00B0B0B0 /* Build configuration list for PBXNativeTarget "Ch20_Command_code" */ = {
			isa = XCConfigurationList;
			buildConfigurations = (
				22BB93F724A98AAD00B0B0B0 /* Debug */,
				22BB93F824A98AAD00B0B0B0 /* Release */,
			);
			defaultConfigurationIsVisible = 0;
			defaultConfigurationName = Release;
		};
/* End XCConfigurationList section */
	};
	rootObject = 22BB93E724A98AAD00B0B0B0 /* Project object */;
}
