// !$*UTF8*$!
{
	archiveVersion = 1;
	classes = {
	};
	objectVersion = 50;
	objects = {

/* Begin PBXBuildFile section */
		22472CED24A8A6770026F4F3 /* main.m in Sources */ = {isa = PBXBuildFile; fileRef = 22472CEC24A8A6770026F4F3 /* main.m */; };
		22472CFC24A8A6A80026F4F3 /* Engine.m in Sources */ = {isa = PBXBuildFile; fileRef = 22472CF724A8A6A80026F4F3 /* Engine.m */; };
		22472CFD24A8A6A80026F4F3 /* Wheel.m in Sources */ = {isa = PBXBuildFile; fileRef = 22472CF924A8A6A80026F4F3 /* Wheel.m */; };
		22472CFE24A8A6A80026F4F3 /* Car.m in Sources */ = {isa = PBXBuildFile; fileRef = 22472CFA24A8A6A80026F4F3 /* Car.m */; };
		22472D0524A8A6BA0026F4F3 /* ComponentUpgrade.m in Sources */ = {isa = PBXBuildFile; fileRef = 22472D0024A8A6BA0026F4F3 /* ComponentUpgrade.m */; };
		22472D0624A8A6BA0026F4F3 /* ComponentMaintenance.m in Sources */ = {isa = PBXBuildFile; fileRef = 22472D0324A8A6BA0026F4F3 /* ComponentMaintenance.m */; };
/* End PBXBuildFile section */

/* Begin PBXCopyFilesBuildPhase section */
		22472CE724A8A6770026F4F3 /* CopyFiles */ = {
			isa = PBXCopyFilesBuildPhase;
			buildActionMask = 2147483647;
			dstPath = /usr/share/man/man1/;
			dstSubfolderSpec = 0;
			files = (
			);
			runOnlyForDeploymentPostprocessing = 1;
		};
/* End PBXCopyFilesBuildPhase section */

/* Begin PBXFileReference section */
		22472CE924A8A6770026F4F3 /* Ch15_Visitor_Code */ = {isa = PBXFileReference; explicitFileType = "compiled.mach-o.executable"; includeInIndex = 0; path = Ch15_Visitor_Code; sourceTree = BUILT_PRODUCTS_DIR; };
		22472CEC24A8A6770026F4F3 /* main.m */ = {isa = PBXFileReference; lastKnownFileType = sourcecode.c.objc; path = main.m; sourceTree = "<group>"; };
		22472CF624A8A6A80026F4F3 /* Car.h */ = {isa = PBXFileReference; fileEncoding = 4; lastKnownFileType = sourcecode.c.h; path = Car.h; sourceTree = "<group>"; };
		22472CF724A8A6A80026F4F3 /* Engine.m */ = {isa = PBXFileReference; fileEncoding = 4; lastKnownFileType = sourcecode.c.objc; path = Engine.m; sourceTree = "<group>"; };
		22472CF824A8A6A80026F4F3 /* Wheel.h */ = {isa = PBXFileReference; fileEncoding = 4; lastKnownFileType = sourcecode.c.h; path = Wheel.h; sourceTree = "<group>"; };
		22472CF924A8A6A80026F4F3 /* Wheel.m */ = {isa = PBXFileReference; fileEncoding = 4; lastKnownFileType = sourcecode.c.objc; path = Wheel.m; sourceTree = "<group>"; };
		22472CFA24A8A6A80026F4F3 /* Car.m */ = {isa = PBXFileReference; fileEncoding = 4; lastKnownFileType = sourcecode.c.objc; path = Car.m; sourceTree = "<group>"; };
		22472CFB24A8A6A80026F4F3 /* Engine.h */ = {isa = PBXFileReference; fileEncoding = 4; lastKnownFileType = sourcecode.c.h; path = Engine.h; sourceTree = "<group>"; };
		22472D0024A8A6BA0026F4F3 /* ComponentUpgrade.m */ = {isa = PBXFileReference; fileEncoding = 4; lastKnownFileType = sourcecode.c.objc; path = ComponentUpgrade.m; sourceTree = "<group>"; };
		22472D0124A8A6BA0026F4F3 /* ComponentVisitor.h */ = {isa = PBXFileReference; fileEncoding = 4; lastKnownFileType = sourcecode.c.h; path = ComponentVisitor.h; sourceTree = "<group>"; };
		22472D0224A8A6BA0026F4F3 /* ComponentUpgrade.h */ = {isa = PBXFileReference; fileEncoding = 4; lastKnownFileType = sourcecode.c.h; path = ComponentUpgrade.h; sourceTree = "<group>"; };
		22472D0324A8A6BA0026F4F3 /* ComponentMaintenance.m */ = {isa = PBXFileReference; fileEncoding = 4; lastKnownFileType = sourcecode.c.objc; path = ComponentMaintenance.m; sourceTree = "<group>"; };
		22472D0424A8A6BA0026F4F3 /* ComponentMaintenance.h */ = {isa = PBXFileReference; fileEncoding = 4; lastKnownFileType = sourcecode.c.h; path = ComponentMaintenance.h; sourceTree = "<group>"; };
/* End PBXFileReference section */

/* Begin PBXFrameworksBuildPhase section */
		22472CE624A8A6770026F4F3 /* Frameworks */ = {
			isa = PBXFrameworksBuildPhase;
			buildActionMask = 2147483647;
			files = (
			);
			runOnlyForDeploymentPostprocessing = 0;
		};
/* End PBXFrameworksBuildPhase section */

/* Begin PBXGroup section */
		22472CE024A8A6770026F4F3 = {
			isa = PBXGroup;
			children = (
				22472CEB24A8A6770026F4F3 /* Ch15_Visitor_Code */,
				22472CEA24A8A6770026F4F3 /* Products */,
			);
			sourceTree = "<group>";
		};
		22472CEA24A8A6770026F4F3 /* Products */ = {
			isa = PBXGroup;
			children = (
				22472CE924A8A6770026F4F3 /* Ch15_Visitor_Code */,
			);
			name = Products;
			sourceTree = "<group>";
		};
		22472CEB24A8A6770026F4F3 /* Ch15_Visitor_Code */ = {
			isa = PBXGroup;
			children = (
				22472CEC24A8A6770026F4F3 /* main.m */,
				22472CFF24A8A6AF0026F4F3 /* Visitor */,
				22472CF324A8A6890026F4F3 /* Car */,
			);
			path = Ch15_Visitor_Code;
			sourceTree = "<group>";
		};
		22472CF324A8A6890026F4F3 /* Car */ = {
			isa = PBXGroup;
			children = (
				22472CF624A8A6A80026F4F3 /* Car.h */,
				22472CFA24A8A6A80026F4F3 /* Car.m */,
				22472CFB24A8A6A80026F4F3 /* Engine.h */,
				22472CF724A8A6A80026F4F3 /* Engine.m */,
				22472CF824A8A6A80026F4F3 /* Wheel.h */,
				22472CF924A8A6A80026F4F3 /* Wheel.m */,
			);
			name = Car;
			sourceTree = "<group>";
		};
		22472CFF24A8A6AF0026F4F3 /* Visitor */ = {
			isa = PBXGroup;
			children = (
				22472D0124A8A6BA0026F4F3 /* ComponentVisitor.h */,
				22472D0224A8A6BA0026F4F3 /* ComponentUpgrade.h */,
				22472D0024A8A6BA0026F4F3 /* ComponentUpgrade.m */,
				22472D0424A8A6BA0026F4F3 /* ComponentMaintenance.h */,
				22472D0324A8A6BA0026F4F3 /* ComponentMaintenance.m */,
			);
			name = Visitor;
			sourceTree = "<group>";
		};
/* End PBXGroup section */

/* Begin PBXNativeTarget section */
		22472CE824A8A6770026F4F3 /* Ch15_Visitor_Code */ = {
			isa = PBXNativeTarget;
			buildConfigurationList = 22472CF024A8A6770026F4F3 /* Build configuration list for PBXNativeTarget "Ch15_Visitor_Code" */;
			buildPhases = (
				22472CE524A8A6770026F4F3 /* Sources */,
				22472CE624A8A6770026F4F3 /* Frameworks */,
				22472CE724A8A6770026F4F3 /* CopyFiles */,
			);
			buildRules = (
			);
			dependencies = (
			);
			name = Ch15_Visitor_Code;
			productName = Ch15_Visitor_Code;
			productReference = 22472CE924A8A6770026F4F3 /* Ch15_Visitor_Code */;
			productType = "com.apple.product-type.tool";
		};
/* End PBXNativeTarget section */

/* Begin PBXProject section */
		22472CE124A8A6770026F4F3 /* Project object */ = {
			isa = PBXProject;
			attributes = {
				LastUpgradeCheck = 1150;
				ORGANIZATIONNAME = "Shanghai Haidian Information Technology Co.Ltd.";
				TargetAttributes = {
					22472CE824A8A6770026F4F3 = {
						CreatedOnToolsVersion = 11.5;
					};
				};
			};
			buildConfigurationList = 22472CE424A8A6770026F4F3 /* Build configuration list for PBXProject "Ch15_Visitor_Code" */;
			compatibilityVersion = "Xcode 9.3";
			developmentRegion = en;
			hasScannedForEncodings = 0;
			knownRegions = (
				en,
				Base,
			);
			mainGroup = 22472CE024A8A6770026F4F3;
			productRefGroup = 22472CEA24A8A6770026F4F3 /* Products */;
			projectDirPath = "";
			projectRoot = "";
			targets = (
				22472CE824A8A6770026F4F3 /* Ch15_Visitor_Code */,
			);
		};
/* End PBXProject section */

/* Begin PBXSourcesBuildPhase section */
		22472CE524A8A6770026F4F3 /* Sources */ = {
			isa = PBXSourcesBuildPhase;
			buildActionMask = 2147483647;
			files = (
				22472CFD24A8A6A80026F4F3 /* Wheel.m in Sources */,
				22472CED24A8A6770026F4F3 /* main.m in Sources */,
				22472D0524A8A6BA0026F4F3 /* ComponentUpgrade.m in Sources */,
				22472CFE24A8A6A80026F4F3 /* Car.m in Sources */,
				22472CFC24A8A6A80026F4F3 /* Engine.m in Sources */,
				22472D0624A8A6BA0026F4F3 /* ComponentMaintenance.m in Sources */,
			);
			runOnlyForDeploymentPostprocessing = 0;
		};
/* End PBXSourcesBuildPhase section */

/* Begin XCBuildConfiguration section */
		22472CEE24A8A6770026F4F3 /* Debug */ = {
			isa = XCBuildConfiguration;
			buildSettings = {
				ALWAYS_SEARCH_USER_PATHS = NO;
				CLANG_ANALYZER_NONNULL = YES;
				CLANG_ANALYZER_NUMBER_OBJECT_CONVERSION = YES_AGGRESSIVE;
				CLANG_CXX_LANGUAGE_STANDARD = "gnu++14";
				CLANG_CXX_LIBRARY = "libc++";
				CLANG_ENABLE_MODULES = YES;
				CLANG_ENABLE_OBJC_ARC = YES;
				CLANG_ENABLE_OBJC_WEAK = YES;
				CLANG_WARN_BLOCK_CAPTURE_AUTORELEASING = YES;
				CLANG_WARN_BOOL_CONVERSION = YES;
				CLANG_WARN_COMMA = YES;
				CLANG_WARN_CONSTANT_CONVERSION = YES;
				CLANG_WARN_DEPRECATED_OBJC_IMPLEMENTATIONS = YES;
				CLANG_WARN_DIRECT_OBJC_ISA_USAGE = YES_ERROR;
				CLANG_WARN_DOCUMENTATION_COMMENTS = YES;
				CLANG_WARN_EMPTY_BODY = YES;
				CLANG_WARN_ENUM_CONVERSION = YES;
				CLANG_WARN_INFINITE_RECURSION = YES;
				CLANG_WARN_INT_CONVERSION = YES;
				CLANG_WARN_NON_LITERAL_NULL_CONVERSION = YES;
				CLANG_WARN_OBJC_IMPLICIT_RETAIN_SELF = YES;
				CLANG_WARN_OBJC_LITERAL_CONVERSION = YES;
				CLANG_WARN_OBJC_ROOT_CLASS = YES_ERROR;
				CLANG_WARN_RANGE_LOOP_ANALYSIS = YES;
				CLANG_WARN_STRICT_PROTOTYPES = YES;
				CLANG_WARN_SUSPICIOUS_MOVE = YES;
				CLANG_WARN_UNGUARDED_AVAILABILITY = YES_AGGRESSIVE;
				CLANG_WARN_UNREACHABLE_CODE = YES;
				CLANG_WARN__DUPLICATE_METHOD_MATCH = YES;
				COPY_PHASE_STRIP = NO;
				DEBUG_INFORMATION_FORMAT = dwarf;
				ENABLE_STRICT_OBJC_MSGSEND = YES;
				ENABLE_TESTABILITY = YES;
				GCC_C_LANGUAGE_STANDARD = gnu11;
				GCC_DYNAMIC_NO_PIC = NO;
				GCC_NO_COMMON_BLOCKS = YES;
				GCC_OPTIMIZATION_LEVEL = 0;
				GCC_PREPROCESSOR_DEFINITIONS = (
					"DEBUG=1",
					"$(inherited)",
				);
				GCC_WARN_64_TO_32_BIT_CONVERSION = YES;
				GCC_WARN_ABOUT_RETURN_TYPE = YES_ERROR;
				GCC_WARN_UNDECLARED_SELECTOR = YES;
				GCC_WARN_UNINITIALIZED_AUTOS = YES_AGGRESSIVE;
				GCC_WARN_UNUSED_FUNCTION = YES;
				GCC_WARN_UNUSED_VARIABLE = YES;
				MACOSX_DEPLOYMENT_TARGET = 10.15;
				MTL_ENABLE_DEBUG_INFO = INCLUDE_SOURCE;
				MTL_FAST_MATH = YES;
				ONLY_ACTIVE_ARCH = YES;
				SDKROOT = macosx;
			};
			name = Debug;
		};
		22472CEF24A8A6770026F4F3 /* Release */ = {
			isa = XCBuildConfiguration;
			buildSettings = {
				ALWAYS_SEARCH_USER_PATHS = NO;
				CLANG_ANALYZER_NONNULL = YES;
				CLANG_ANALYZER_NUMBER_OBJECT_CONVERSION = YES_AGGRESSIVE;
				CLANG_CXX_LANGUAGE_STANDARD = "gnu++14";
				CLANG_CXX_LIBRARY = "libc++";
				CLANG_ENABLE_MODULES = YES;
				CLANG_ENABLE_OBJC_ARC = YES;
				CLANG_ENABLE_OBJC_WEAK = YES;
				CLANG_WARN_BLOCK_CAPTURE_AUTORELEASING = YES;
				CLANG_WARN_BOOL_CONVERSION = YES;
				CLANG_WARN_COMMA = YES;
				CLANG_WARN_CONSTANT_CONVERSION = YES;
				CLANG_WARN_DEPRECATED_OBJC_IMPLEMENTATIONS = YES;
				CLANG_WARN_DIRECT_OBJC_ISA_USAGE = YES_ERROR;
				CLANG_WARN_DOCUMENTATION_COMMENTS = YES;
				CLANG_WARN_EMPTY_BODY = YES;
				CLANG_WARN_ENUM_CONVERSION = YES;
				CLANG_WARN_INFINITE_RECURSION = YES;
				CLANG_WARN_INT_CONVERSION = YES;
				CLANG_WARN_NON_LITERAL_NULL_CONVERSION = YES;
				CLANG_WARN_OBJC_IMPLICIT_RETAIN_SELF = YES;
				CLANG_WARN_OBJC_LITERAL_CONVERSION = YES;
				CLANG_WARN_OBJC_ROOT_CLASS = YES_ERROR;
				CLANG_WARN_RANGE_LOOP_ANALYSIS = YES;
				CLANG_WARN_STRICT_PROTOTYPES = YES;
				CLANG_WARN_SUSPICIOUS_MOVE = YES;
				CLANG_WARN_UNGUARDED_AVAILABILITY = YES_AGGRESSIVE;
				CLANG_WARN_UNREACHABLE_CODE = YES;
				CLANG_WARN__DUPLICATE_METHOD_MATCH = YES;
				COPY_PHASE_STRIP = NO;
				DEBUG_INFORMATION_FORMAT = "dwarf-with-dsym";
				ENABLE_NS_ASSERTIONS = NO;
				ENABLE_STRICT_OBJC_MSGSEND = YES;
				GCC_C_LANGUAGE_STANDARD = gnu11;
				GCC_NO_COMMON_BLOCKS = YES;
				GCC_WARN_64_TO_32_BIT_CONVERSION = YES;
				GCC_WARN_ABOUT_RETURN_TYPE = YES_ERROR;
				GCC_WARN_UNDECLARED_SELECTOR = YES;
				GCC_WARN_UNINITIALIZED_AUTOS = YES_AGGRESSIVE;
				GCC_WARN_UNUSED_FUNCTION = YES;
				GCC_WARN_UNUSED_VARIABLE = YES;
				MACOSX_DEPLOYMENT_TARGET = 10.15;
				MTL_ENABLE_DEBUG_INFO = NO;
				MTL_FAST_MATH = YES;
				SDKROOT = macosx;
			};
			name = Release;
		};
		22472CF124A8A6770026F4F3 /* Debug */ = {
			isa = XCBuildConfiguration;
			buildSettings = {
				CODE_SIGN_STYLE = Automatic;
				DEVELOPMENT_TEAM = A8F7U6DN75;
				ENABLE_HARDENED_RUNTIME = YES;
				PRODUCT_NAME = "$(TARGET_NAME)";
			};
			name = Debug;
		};
		22472CF224A8A6770026F4F3 /* Release */ = {
			isa = XCBuildConfiguration;
			buildSettings = {
				CODE_SIGN_STYLE = Automatic;
				DEVELOPMENT_TEAM = A8F7U6DN75;
				ENABLE_HARDENED_RUNTIME = YES;
				PRODUCT_NAME = "$(TARGET_NAME)";
			};
			name = Release;
		};
/* End XCBuildConfiguration section */

/* Begin XCConfigurationList section */
		22472CE424A8A6770026F4F3 /* Build configuration list for PBXProject "Ch15_Visitor_Code" */ = {
			isa = XCConfigurationList;
			buildConfigurations = (
				22472CEE24A8A6770026F4F3 /* Debug */,
				22472CEF24A8A6770026F4F3 /* Release */,
			);
			defaultConfigurationIsVisible = 0;
			defaultConfigurationName = Release;
		};
		22472CF024A8A6770026F4F3 /* Build configuration list for PBXNativeTarget "Ch15_Visitor_Code" */ = {
			isa = XCConfigurationList;
			buildConfigurations = (
				22472CF124A8A6770026F4F3 /* Debug */,
				22472CF224A8A6770026F4F3 /* Release */,
			);
			defaultConfigurationIsVisible = 0;
			defaultConfigurationName = Release;
		};
/* End XCConfigurationList section */
	};
	rootObject = 22472CE124A8A6770026F4F3 /* Project object */;
}
